
Microsoft Visual Studio Solution File, Format Version 12.00
# Visual Studio Version 17
VisualStudioVersion = 17.5.33516.290
MinimumVisualStudioVersion = 10.0.40219.1
Project("{9A19103F-16F7-4668-BE54-9A1E7A4F7556}") = "NeaProject", "NeaProject\NeaProject.csproj", "{B27F17CE-EA74-4757-A923-287CE129D4CD}"
EndProject
Project("{2150E333-8FDC-42A3-9474-1A3956D46DE8}") = "Other Files", "Other Files", "{2805CB5D-664B-43BC-A4C8-D88FDAE45C0B}"
	ProjectSection(SolutionItems) = preProject
		.gitattributes = .gitattributes
		.gitignore = .gitignore
		README.md = README.md
		tag.ps1 = tag.ps1
		version.json = version.json
	EndProjectSection
EndProject
Project("{FAE04EC0-301F-11D3-BF4B-00C04F79EFBC}") = "NeaProject.Test", "NeaProject.Test\NeaProject.Test.csproj", "{4C0C6494-3100-491E-A35B-E6C95854772A}"
EndProject
Global
	GlobalSection(SolutionConfigurationPlatforms) = preSolution
		Debug|Any CPU = Debug|Any CPU
		Release|Any CPU = Release|Any CPU
	EndGlobalSection
	GlobalSection(ProjectConfigurationPlatforms) = postSolution
		{B27F17CE-EA74-4757-A923-287CE129D4CD}.Debug|Any CPU.ActiveCfg = Debug|Any CPU
		{B27F17CE-EA74-4757-A923-287CE129D4CD}.Debug|Any CPU.Build.0 = Debug|Any CPU
		{B27F17CE-EA74-4757-A923-287CE129D4CD}.Release|Any CPU.ActiveCfg = Release|Any CPU
		{B27F17CE-EA74-4757-A923-287CE129D4CD}.Release|Any CPU.Build.0 = Release|Any CPU
		{4C0C6494-3100-491E-A35B-E6C95854772A}.Debug|Any CPU.ActiveCfg = Debug|Any CPU
		{4C0C6494-3100-491E-A35B-E6C95854772A}.Debug|Any CPU.Build.0 = Debug|Any CPU
		{4C0C6494-3100-491E-A35B-E6C95854772A}.Release|Any CPU.ActiveCfg = Release|Any CPU
		{4C0C6494-3100-491E-A35B-E6C95854772A}.Release|Any CPU.Build.0 = Release|Any CPU
	EndGlobalSection
	GlobalSection(SolutionProperties) = preSolution
		HideSolutionNode = FALSE
	EndGlobalSection
	GlobalSection(ExtensibilityGlobals) = postSolution
		SolutionGuid = {249E80FD-6F53-4B20-AAB1-5D31F1FC241E}
	EndGlobalSection
EndGlobal
