
Microsoft Visual Studio Solution File, Format Version 12.00
# Visual Studio Version 17
VisualStudioVersion = 17.5.33516.290
MinimumVisualStudioVersion = 10.0.40219.1
Project("{9A19103F-16F7-4668-BE54-9A1E7A4F7556}") = "NeaProject", "NeaProject\NeaProject.csproj", "{B27F17CE-EA74-4757-A923-287CE129D4CD}"
EndProject
Global
	GlobalSection(SolutionConfigurationPlatforms) = preSolution
		Debug|Any CPU = Debug|Any CPU
		Release|Any CPU = Release|Any CPU
	EndGlobalSection
	GlobalSection(ProjectConfigurationPlatforms) = postSolution
		{B27F17CE-EA74-4757-A923-287CE129D4CD}.Debug|Any CPU.ActiveCfg = Debug|Any CPU
		{B27F17CE-EA74-4757-A923-287CE129D4CD}.Debug|Any CPU.Build.0 = Debug|Any CPU
		{B27F17CE-EA74-4757-A923-287CE129D4CD}.Release|Any CPU.ActiveCfg = Release|Any CPU
		{B27F17CE-EA74-4757-A923-287CE129D4CD}.Release|Any CPU.Build.0 = Release|Any CPU
	EndGlobalSection
	GlobalSection(SolutionProperties) = preSolution
		HideSolutionNode = FALSE
	EndGlobalSection
	GlobalSection(ExtensibilityGlobals) = postSolution
		SolutionGuid = {249E80FD-6F53-4B20-AAB1-5D31F1FC241E}
	EndGlobalSection
EndGlobal
